// !$*UTF8*$!
{
	archiveVersion = 1;
	classes = {
	};
	objectVersion = 50;
	objects = {

/* Begin PBXBuildFile section */
		4B35E610222521FD00410A4C /* TestAll.m in Sources */ = {isa = PBXBuildFile; fileRef = 4B35E60F222521FD00410A4C /* TestAll.m */; };
		4BC5814F2224FFB2007D8DC4 /* AppDelegate.swift in Sources */ = {isa = PBXBuildFile; fileRef = 4BC5814E2224FFB2007D8DC4 /* AppDelegate.swift */; };
		4BC581512224FFB2007D8DC4 /* ViewController.swift in Sources */ = {isa = PBXBuildFile; fileRef = 4BC581502224FFB2007D8DC4 /* ViewController.swift */; };
		4BC581542224FFB2007D8DC4 /* Main.storyboard in Resources */ = {isa = PBXBuildFile; fileRef = 4BC581522224FFB2007D8DC4 /* Main.storyboard */; };
		4BC581562224FFB4007D8DC4 /* Assets.xcassets in Resources */ = {isa = PBXBuildFile; fileRef = 4BC581552224FFB4007D8DC4 /* Assets.xcassets */; };
		4BC581592224FFB4007D8DC4 /* LaunchScreen.storyboard in Resources */ = {isa = PBXBuildFile; fileRef = 4BC581572224FFB4007D8DC4 /* LaunchScreen.storyboard */; };
		4BC581642224FFB4007D8DC4 /* demoTests.swift in Sources */ = {isa = PBXBuildFile; fileRef = 4BC581632224FFB4007D8DC4 /* demoTests.swift */; };
		4BC5816F2224FFB4007D8DC4 /* demoUITests.swift in Sources */ = {isa = PBXBuildFile; fileRef = 4BC5816E2224FFB4007D8DC4 /* demoUITests.swift */; };
/* End PBXBuildFile section */

/* Begin PBXContainerItemProxy section */
		4BC581602224FFB4007D8DC4 /* PBXContainerItemProxy */ = {
			isa = PBXContainerItemProxy;
			containerPortal = 4BC581432224FFB2007D8DC4 /* Project object */;
			proxyType = 1;
			remoteGlobalIDString = 4BC5814A2224FFB2007D8DC4;
			remoteInfo = demo;
		};
		4BC5816B2224FFB4007D8DC4 /* PBXContainerItemProxy */ = {
			isa = PBXContainerItemProxy;
			containerPortal = 4BC581432224FFB2007D8DC4 /* Project object */;
			proxyType = 1;
			remoteGlobalIDString = 4BC5814A2224FFB2007D8DC4;
			remoteInfo = demo;
		};
/* End PBXContainerItemProxy section */

/* Begin PBXFileReference section */
		4B35E60D222521FC00410A4C /* demo-Bridging-Header.h */ = {isa = PBXFileReference; lastKnownFileType = sourcecode.c.h; path = "demo-Bridging-Header.h"; sourceTree = "<group>"; };
		4B35E60E222521FD00410A4C /* TestAll.h */ = {isa = PBXFileReference; lastKnownFileType = sourcecode.c.h; path = TestAll.h; sourceTree = "<group>"; };
		4B35E60F222521FD00410A4C /* TestAll.m */ = {isa = PBXFileReference; lastKnownFileType = sourcecode.c.objc; path = TestAll.m; sourceTree = "<group>"; };
		4BC5814B2224FFB2007D8DC4 /* demo.app */ = {isa = PBXFileReference; explicitFileType = wrapper.application; includeInIndex = 0; path = demo.app; sourceTree = BUILT_PRODUCTS_DIR; };
		4BC5814E2224FFB2007D8DC4 /* AppDelegate.swift */ = {isa = PBXFileReference; lastKnownFileType = sourcecode.swift; path = AppDelegate.swift; sourceTree = "<group>"; };
		4BC581502224FFB2007D8DC4 /* ViewController.swift */ = {isa = PBXFileReference; lastKnownFileType = sourcecode.swift; path = ViewController.swift; sourceTree = "<group>"; };
		4BC581532224FFB2007D8DC4 /* Base */ = {isa = PBXFileReference; lastKnownFileType = file.storyboard; name = Base; path = Base.lproj/Main.storyboard; sourceTree = "<group>"; };
		4BC581552224FFB4007D8DC4 /* Assets.xcassets */ = {isa = PBXFileReference; lastKnownFileType = folder.assetcatalog; path = Assets.xcassets; sourceTree = "<group>"; };
		4BC581582224FFB4007D8DC4 /* Base */ = {isa = PBXFileReference; lastKnownFileType = file.storyboard; name = Base; path = Base.lproj/LaunchScreen.storyboard; sourceTree = "<group>"; };
		4BC5815A2224FFB4007D8DC4 /* Info.plist */ = {isa = PBXFileReference; lastKnownFileType = text.plist.xml; path = Info.plist; sourceTree = "<group>"; };
		4BC5815F2224FFB4007D8DC4 /* demoTests.xctest */ = {isa = PBXFileReference; explicitFileType = wrapper.cfbundle; includeInIndex = 0; path = demoTests.xctest; sourceTree = BUILT_PRODUCTS_DIR; };
		4BC581632224FFB4007D8DC4 /* demoTests.swift */ = {isa = PBXFileReference; lastKnownFileType = sourcecode.swift; path = demoTests.swift; sourceTree = "<group>"; };
		4BC581652224FFB4007D8DC4 /* Info.plist */ = {isa = PBXFileReference; lastKnownFileType = text.plist.xml; path = Info.plist; sourceTree = "<group>"; };
		4BC5816A2224FFB4007D8DC4 /* demoUITests.xctest */ = {isa = PBXFileReference; explicitFileType = wrapper.cfbundle; includeInIndex = 0; path = demoUITests.xctest; sourceTree = BUILT_PRODUCTS_DIR; };
		4BC5816E2224FFB4007D8DC4 /* demoUITests.swift */ = {isa = PBXFileReference; lastKnownFileType = sourcecode.swift; path = demoUITests.swift; sourceTree = "<group>"; };
		4BC581702224FFB4007D8DC4 /* Info.plist */ = {isa = PBXFileReference; lastKnownFileType = text.plist.xml; path = Info.plist; sourceTree = "<group>"; };
/* End PBXFileReference section */

/* Begin PBXFrameworksBuildPhase section */
		4BC581482224FFB2007D8DC4 /* Frameworks */ = {
			isa = PBXFrameworksBuildPhase;
			buildActionMask = 2147483647;
			files = (
			);
			runOnlyForDeploymentPostprocessing = 0;
		};
		4BC5815C2224FFB4007D8DC4 /* Frameworks */ = {
			isa = PBXFrameworksBuildPhase;
			buildActionMask = 2147483647;
			files = (
			);
			runOnlyForDeploymentPostprocessing = 0;
		};
		4BC581672224FFB4007D8DC4 /* Frameworks */ = {
			isa = PBXFrameworksBuildPhase;
			buildActionMask = 2147483647;
			files = (
			);
			runOnlyForDeploymentPostprocessing = 0;
		};
/* End PBXFrameworksBuildPhase section */

/* Begin PBXGroup section */
		4BC581422224FFB2007D8DC4 = {
			isa = PBXGroup;
			children = (
				4BC5814D2224FFB2007D8DC4 /* demo */,
				4BC581622224FFB4007D8DC4 /* demoTests */,
				4BC5816D2224FFB4007D8DC4 /* demoUITests */,
				4BC5814C2224FFB2007D8DC4 /* Products */,
			);
			sourceTree = "<group>";
		};
		4BC5814C2224FFB2007D8DC4 /* Products */ = {
			isa = PBXGroup;
			children = (
				4BC5814B2224FFB2007D8DC4 /* demo.app */,
				4BC5815F2224FFB4007D8DC4 /* demoTests.xctest */,
				4BC5816A2224FFB4007D8DC4 /* demoUITests.xctest */,
			);
			name = Products;
			sourceTree = "<group>";
		};
		4BC5814D2224FFB2007D8DC4 /* demo */ = {
			isa = PBXGroup;
			children = (
				4BC5814E2224FFB2007D8DC4 /* AppDelegate.swift */,
				4BC581502224FFB2007D8DC4 /* ViewController.swift */,
				4BC581522224FFB2007D8DC4 /* Main.storyboard */,
				4BC581552224FFB4007D8DC4 /* Assets.xcassets */,
				4BC581572224FFB4007D8DC4 /* LaunchScreen.storyboard */,
				4BC5815A2224FFB4007D8DC4 /* Info.plist */,
				4B35E60E222521FD00410A4C /* TestAll.h */,
				4B35E60F222521FD00410A4C /* TestAll.m */,
				4B35E60D222521FC00410A4C /* demo-Bridging-Header.h */,
			);
			path = demo;
			sourceTree = "<group>";
		};
		4BC581622224FFB4007D8DC4 /* demoTests */ = {
			isa = PBXGroup;
			children = (
				4BC581632224FFB4007D8DC4 /* demoTests.swift */,
				4BC581652224FFB4007D8DC4 /* Info.plist */,
			);
			path = demoTests;
			sourceTree = "<group>";
		};
		4BC5816D2224FFB4007D8DC4 /* demoUITests */ = {
			isa = PBXGroup;
			children = (
				4BC5816E2224FFB4007D8DC4 /* demoUITests.swift */,
				4BC581702224FFB4007D8DC4 /* Info.plist */,
			);
			path = demoUITests;
			sourceTree = "<group>";
		};
/* End PBXGroup section */

/* Begin PBXNativeTarget section */
		4BC5814A2224FFB2007D8DC4 /* demo */ = {
			isa = PBXNativeTarget;
			buildConfigurationList = 4BC581732224FFB4007D8DC4 /* Build configuration list for PBXNativeTarget "demo" */;
			buildPhases = (
				4BC581472224FFB2007D8DC4 /* Sources */,
				4BC581482224FFB2007D8DC4 /* Frameworks */,
				4BC581492224FFB2007D8DC4 /* Resources */,
			);
			buildRules = (
			);
			dependencies = (
			);
			name = demo;
			productName = demo;
			productReference = 4BC5814B2224FFB2007D8DC4 /* demo.app */;
			productType = "com.apple.product-type.application";
		};
		4BC5815E2224FFB4007D8DC4 /* demoTests */ = {
			isa = PBXNativeTarget;
			buildConfigurationList = 4BC581762224FFB4007D8DC4 /* Build configuration list for PBXNativeTarget "demoTests" */;
			buildPhases = (
				4BC5815B2224FFB4007D8DC4 /* Sources */,
				4BC5815C2224FFB4007D8DC4 /* Frameworks */,
				4BC5815D2224FFB4007D8DC4 /* Resources */,
			);
			buildRules = (
			);
			dependencies = (
				4BC581612224FFB4007D8DC4 /* PBXTargetDependency */,
			);
			name = demoTests;
			productName = demoTests;
			productReference = 4BC5815F2224FFB4007D8DC4 /* demoTests.xctest */;
			productType = "com.apple.product-type.bundle.unit-test";
		};
		4BC581692224FFB4007D8DC4 /* demoUITests */ = {
			isa = PBXNativeTarget;
			buildConfigurationList = 4BC581792224FFB4007D8DC4 /* Build configuration list for PBXNativeTarget "demoUITests" */;
			buildPhases = (
				4BC581662224FFB4007D8DC4 /* Sources */,
				4BC581672224FFB4007D8DC4 /* Frameworks */,
				4BC581682224FFB4007D8DC4 /* Resources */,
			);
			buildRules = (
			);
			dependencies = (
				4BC5816C2224FFB4007D8DC4 /* PBXTargetDependency */,
			);
			name = demoUITests;
			productName = demoUITests;
			productReference = 4BC5816A2224FFB4007D8DC4 /* demoUITests.xctest */;
			productType = "com.apple.product-type.bundle.ui-testing";
		};
/* End PBXNativeTarget section */

/* Begin PBXProject section */
		4BC581432224FFB2007D8DC4 /* Project object */ = {
			isa = PBXProject;
			attributes = {
				LastSwiftUpdateCheck = 1010;
				LastUpgradeCheck = 1010;
				ORGANIZATIONNAME = liyufeng;
				TargetAttributes = {
					4BC5814A2224FFB2007D8DC4 = {
						CreatedOnToolsVersion = 10.1;
						LastSwiftMigration = 1010;
					};
					4BC5815E2224FFB4007D8DC4 = {
						CreatedOnToolsVersion = 10.1;
						TestTargetID = 4BC5814A2224FFB2007D8DC4;
					};
					4BC581692224FFB4007D8DC4 = {
						CreatedOnToolsVersion = 10.1;
						TestTargetID = 4BC5814A2224FFB2007D8DC4;
					};
				};
			};
			buildConfigurationList = 4BC581462224FFB2007D8DC4 /* Build configuration list for PBXProject "demo" */;
			compatibilityVersion = "Xcode 9.3";
			developmentRegion = en;
			hasScannedForEncodings = 0;
			knownRegions = (
				en,
				Base,
			);
			mainGroup = 4BC581422224FFB2007D8DC4;
			productRefGroup = 4BC5814C2224FFB2007D8DC4 /* Products */;
			projectDirPath = "";
			projectRoot = "";
			targets = (
				4BC5814A2224FFB2007D8DC4 /* demo */,
				4BC5815E2224FFB4007D8DC4 /* demoTests */,
				4BC581692224FFB4007D8DC4 /* demoUITests */,
			);
		};
/* End PBXProject section */

/* Begin PBXResourcesBuildPhase section */
		4BC581492224FFB2007D8DC4 /* Resources */ = {
			isa = PBXResourcesBuildPhase;
			buildActionMask = 2147483647;
			files = (
				4BC581592224FFB4007D8DC4 /* LaunchScreen.storyboard in Resources */,
				4BC581562224FFB4007D8DC4 /* Assets.xcassets in Resources */,
				4BC581542224FFB2007D8DC4 /* Main.storyboard in Resources */,
			);
			runOnlyForDeploymentPostprocessing = 0;
		};
		4BC5815D2224FFB4007D8DC4 /* Resources */ = {
			isa = PBXResourcesBuildPhase;
			buildActionMask = 2147483647;
			files = (
			);
			runOnlyForDeploymentPostprocessing = 0;
		};
		4BC581682224FFB4007D8DC4 /* Resources */ = {
			isa = PBXResourcesBuildPhase;
			buildActionMask = 2147483647;
			files = (
			);
			runOnlyForDeploymentPostprocessing = 0;
		};
/* End PBXResourcesBuildPhase section */

/* Begin PBXSourcesBuildPhase section */
		4BC581472224FFB2007D8DC4 /* Sources */ = {
			isa = PBXSourcesBuildPhase;
			buildActionMask = 2147483647;
			files = (
				4B35E610222521FD00410A4C /* TestAll.m in Sources */,
				4BC581512224FFB2007D8DC4 /* ViewController.swift in Sources */,
				4BC5814F2224FFB2007D8DC4 /* AppDelegate.swift in Sources */,
			);
			runOnlyForDeploymentPostprocessing = 0;
		};
		4BC5815B2224FFB4007D8DC4 /* Sources */ = {
			isa = PBXSourcesBuildPhase;
			buildActionMask = 2147483647;
			files = (
				4BC581642224FFB4007D8DC4 /* demoTests.swift in Sources */,
			);
			runOnlyForDeploymentPostprocessing = 0;
		};
		4BC581662224FFB4007D8DC4 /* Sources */ = {
			isa = PBXSourcesBuildPhase;
			buildActionMask = 2147483647;
			files = (
				4BC5816F2224FFB4007D8DC4 /* demoUITests.swift in Sources */,
			);
			runOnlyForDeploymentPostprocessing = 0;
		};
/* End PBXSourcesBuildPhase section */

/* Begin PBXTargetDependency section */
		4BC581612224FFB4007D8DC4 /* PBXTargetDependency */ = {
			isa = PBXTargetDependency;
			target = 4BC5814A2224FFB2007D8DC4 /* demo */;
			targetProxy = 4BC581602224FFB4007D8DC4 /* PBXContainerItemProxy */;
		};
		4BC5816C2224FFB4007D8DC4 /* PBXTargetDependency */ = {
			isa = PBXTargetDependency;
			target = 4BC5814A2224FFB2007D8DC4 /* demo */;
			targetProxy = 4BC5816B2224FFB4007D8DC4 /* PBXContainerItemProxy */;
		};
/* End PBXTargetDependency section */

/* Begin PBXVariantGroup section */
		4BC581522224FFB2007D8DC4 /* Main.storyboard */ = {
			isa = PBXVariantGroup;
			children = (
				4BC581532224FFB2007D8DC4 /* Base */,
			);
			name = Main.storyboard;
			sourceTree = "<group>";
		};
		4BC581572224FFB4007D8DC4 /* LaunchScreen.storyboard */ = {
			isa = PBXVariantGroup;
			children = (
				4BC581582224FFB4007D8DC4 /* Base */,
			);
			name = LaunchScreen.storyboard;
			sourceTree = "<group>";
		};
/* End PBXVariantGroup section */

/* Begin XCBuildConfiguration section */
		4BC581712224FFB4007D8DC4 /* Debug */ = {
			isa = XCBuildConfiguration;
			buildSettings = {
				ALWAYS_SEARCH_USER_PATHS = NO;
				CLANG_ANALYZER_NONNULL = YES;
				CLANG_ANALYZER_NUMBER_OBJECT_CONVERSION = YES_AGGRESSIVE;
				CLANG_CXX_LANGUAGE_STANDARD = "gnu++14";
				CLANG_CXX_LIBRARY = "libc++";
				CLANG_ENABLE_MODULES = YES;
				CLANG_ENABLE_OBJC_ARC = YES;
				CLANG_ENABLE_OBJC_WEAK = YES;
				CLANG_WARN_BLOCK_CAPTURE_AUTORELEASING = YES;
				CLANG_WARN_BOOL_CONVERSION = YES;
				CLANG_WARN_COMMA = YES;
				CLANG_WARN_CONSTANT_CONVERSION = YES;
				CLANG_WARN_DEPRECATED_OBJC_IMPLEMENTATIONS = YES;
				CLANG_WARN_DIRECT_OBJC_ISA_USAGE = YES_ERROR;
				CLANG_WARN_DOCUMENTATION_COMMENTS = YES;
				CLANG_WARN_EMPTY_BODY = YES;
				CLANG_WARN_ENUM_CONVERSION = YES;
				CLANG_WARN_INFINITE_RECURSION = YES;
				CLANG_WARN_INT_CONVERSION = YES;
				CLANG_WARN_NON_LITERAL_NULL_CONVERSION = YES;
				CLANG_WARN_OBJC_IMPLICIT_RETAIN_SELF = YES;
				CLANG_WARN_OBJC_LITERAL_CONVERSION = YES;
				CLANG_WARN_OBJC_ROOT_CLASS = YES_ERROR;
				CLANG_WARN_RANGE_LOOP_ANALYSIS = YES;
				CLANG_WARN_STRICT_PROTOTYPES = YES;
				CLANG_WARN_SUSPICIOUS_MOVE = YES;
				CLANG_WARN_UNGUARDED_AVAILABILITY = YES_AGGRESSIVE;
				CLANG_WARN_UNREACHABLE_CODE = YES;
				CLANG_WARN__DUPLICATE_METHOD_MATCH = YES;
				CODE_SIGN_IDENTITY = "iPhone Developer";
				COPY_PHASE_STRIP = NO;
				DEBUG_INFORMATION_FORMAT = dwarf;
				ENABLE_STRICT_OBJC_MSGSEND = YES;
				ENABLE_TESTABILITY = YES;
				GCC_C_LANGUAGE_STANDARD = gnu11;
				GCC_DYNAMIC_NO_PIC = NO;
				GCC_NO_COMMON_BLOCKS = YES;
				GCC_OPTIMIZATION_LEVEL = 0;
				GCC_PREPROCESSOR_DEFINITIONS = (
					"DEBUG=1",
					"$(inherited)",
				);
				GCC_WARN_64_TO_32_BIT_CONVERSION = YES;
				GCC_WARN_ABOUT_RETURN_TYPE = YES_ERROR;
				GCC_WARN_UNDECLARED_SELECTOR = YES;
				GCC_WARN_UNINITIALIZED_AUTOS = YES_AGGRESSIVE;
				GCC_WARN_UNUSED_FUNCTION = YES;
				GCC_WARN_UNUSED_VARIABLE = YES;
				IPHONEOS_DEPLOYMENT_TARGET = 12.1;
				MTL_ENABLE_DEBUG_INFO = INCLUDE_SOURCE;
				MTL_FAST_MATH = YES;
				ONLY_ACTIVE_ARCH = YES;
				SDKROOT = iphoneos;
				SWIFT_ACTIVE_COMPILATION_CONDITIONS = DEBUG;
				SWIFT_OPTIMIZATION_LEVEL = "-Onone";
			};
			name = Debug;
		};
		4BC581722224FFB4007D8DC4 /* Release */ = {
			isa = XCBuildConfiguration;
			buildSettings = {
				ALWAYS_SEARCH_USER_PATHS = NO;
				CLANG_ANALYZER_NONNULL = YES;
				CLANG_ANALYZER_NUMBER_OBJECT_CONVERSION = YES_AGGRESSIVE;
				CLANG_CXX_LANGUAGE_STANDARD = "gnu++14";
				CLANG_CXX_LIBRARY = "libc++";
				CLANG_ENABLE_MODULES = YES;
				CLANG_ENABLE_OBJC_ARC = YES;
				CLANG_ENABLE_OBJC_WEAK = YES;
				CLANG_WARN_BLOCK_CAPTURE_AUTORELEASING = YES;
				CLANG_WARN_BOOL_CONVERSION = YES;
				CLANG_WARN_COMMA = YES;
				CLANG_WARN_CONSTANT_CONVERSION = YES;
				CLANG_WARN_DEPRECATED_OBJC_IMPLEMENTATIONS = YES;
				CLANG_WARN_DIRECT_OBJC_ISA_USAGE = YES_ERROR;
				CLANG_WARN_DOCUMENTATION_COMMENTS = YES;
				CLANG_WARN_EMPTY_BODY = YES;
				CLANG_WARN_ENUM_CONVERSION = YES;
				CLANG_WARN_INFINITE_RECURSION = YES;
				CLANG_WARN_INT_CONVERSION = YES;
				CLANG_WARN_NON_LITERAL_NULL_CONVERSION = YES;
				CLANG_WARN_OBJC_IMPLICIT_RETAIN_SELF = YES;
				CLANG_WARN_OBJC_LITERAL_CONVERSION = YES;
				CLANG_WARN_OBJC_ROOT_CLASS = YES_ERROR;
				CLANG_WARN_RANGE_LOOP_ANALYSIS = YES;
				CLANG_WARN_STRICT_PROTOTYPES = YES;
				CLANG_WARN_SUSPICIOUS_MOVE = YES;
				CLANG_WARN_UNGUARDED_AVAILABILITY = YES_AGGRESSIVE;
				CLANG_WARN_UNREACHABLE_CODE = YES;
				CLANG_WARN__DUPLICATE_METHOD_MATCH = YES;
				CODE_SIGN_IDENTITY = "iPhone Developer";
				COPY_PHASE_STRIP = NO;
				DEBUG_INFORMATION_FORMAT = "dwarf-with-dsym";
				ENABLE_NS_ASSERTIONS = NO;
				ENABLE_STRICT_OBJC_MSGSEND = YES;
				GCC_C_LANGUAGE_STANDARD = gnu11;
				GCC_NO_COMMON_BLOCKS = YES;
				GCC_WARN_64_TO_32_BIT_CONVERSION = YES;
				GCC_WARN_ABOUT_RETURN_TYPE = YES_ERROR;
				GCC_WARN_UNDECLARED_SELECTOR = YES;
				GCC_WARN_UNINITIALIZED_AUTOS = YES_AGGRESSIVE;
				GCC_WARN_UNUSED_FUNCTION = YES;
				GCC_WARN_UNUSED_VARIABLE = YES;
				IPHONEOS_DEPLOYMENT_TARGET = 12.1;
				MTL_ENABLE_DEBUG_INFO = NO;
				MTL_FAST_MATH = YES;
				SDKROOT = iphoneos;
				SWIFT_COMPILATION_MODE = wholemodule;
				SWIFT_OPTIMIZATION_LEVEL = "-O";
				VALIDATE_PRODUCT = YES;
			};
			name = Release;
		};
		4BC581742224FFB4007D8DC4 /* Debug */ = {
			isa = XCBuildConfiguration;
			buildSettings = {
				ASSETCATALOG_COMPILER_APPICON_NAME = AppIcon;
				CLANG_ENABLE_MODULES = YES;
				CODE_SIGN_STYLE = Automatic;
				DEVELOPMENT_TEAM = 3F685LX6UR;
				INFOPLIST_FILE = demo/Info.plist;
				LD_RUNPATH_SEARCH_PATHS = (
					"$(inherited)",
					"@executable_path/Frameworks",
				);
				PRODUCT_BUNDLE_IDENTIFIER = com.appstore.demo;
				PRODUCT_NAME = "$(TARGET_NAME)";
				SWIFT_OBJC_BRIDGING_HEADER = "demo/demo-Bridging-Header.h";
				SWIFT_OPTIMIZATION_LEVEL = "-Onone";
				SWIFT_VERSION = 4.2;
				TARGETED_DEVICE_FAMILY = "1,2";
			};
			name = Debug;
		};
		4BC581752224FFB4007D8DC4 /* Release */ = {
			isa = XCBuildConfiguration;
			buildSettings = {
				ASSETCATALOG_COMPILER_APPICON_NAME = AppIcon;
				CLANG_ENABLE_MODULES = YES;
				CODE_SIGN_STYLE = Automatic;
				DEVELOPMENT_TEAM = 3F685LX6UR;
				INFOPLIST_FILE = demo/Info.plist;
				LD_RUNPATH_SEARCH_PATHS = (
					"$(inherited)",
					"@executable_path/Frameworks",
				);
				PRODUCT_BUNDLE_IDENTIFIER = com.appstore.demo;
				PRODUCT_NAME = "$(TARGET_NAME)";
				SWIFT_OBJC_BRIDGING_HEADER = "demo/demo-Bridging-Header.h";
				SWIFT_VERSION = 4.2;
				TARGETED_DEVICE_FAMILY = "1,2";
			};
			name = Release;
		};
		4BC581772224FFB4007D8DC4 /* Debug */ = {
			isa = XCBuildConfiguration;
			buildSettings = {
				ALWAYS_EMBED_SWIFT_STANDARD_LIBRARIES = YES;
				BUNDLE_LOADER = "$(TEST_HOST)";
				CODE_SIGN_STYLE = Automatic;
				DEVELOPMENT_TEAM = 3F685LX6UR;
				INFOPLIST_FILE = demoTests/Info.plist;
				LD_RUNPATH_SEARCH_PATHS = (
					"$(inherited)",
					"@executable_path/Frameworks",
					"@loader_path/Frameworks",
				);
				PRODUCT_BUNDLE_IDENTIFIER = com.appstore.demoTests;
				PRODUCT_NAME = "$(TARGET_NAME)";
				SWIFT_VERSION = 4.2;
				TARGETED_DEVICE_FAMILY = "1,2";
				TEST_HOST = "$(BUILT_PRODUCTS_DIR)/demo.app/demo";
			};
			name = Debug;
		};
		4BC581782224FFB4007D8DC4 /* Release */ = {
			isa = XCBuildConfiguration;
			buildSettings = {
				ALWAYS_EMBED_SWIFT_STANDARD_LIBRARIES = YES;
				BUNDLE_LOADER = "$(TEST_HOST)";
				CODE_SIGN_STYLE = Automatic;
				DEVELOPMENT_TEAM = 3F685LX6UR;
				INFOPLIST_FILE = demoTests/Info.plist;
				LD_RUNPATH_SEARCH_PATHS = (
					"$(inherited)",
					"@executable_path/Frameworks",
					"@loader_path/Frameworks",
				);
				PRODUCT_BUNDLE_IDENTIFIER = com.appstore.demoTests;
				PRODUCT_NAME = "$(TARGET_NAME)";
				SWIFT_VERSION = 4.2;
				TARGETED_DEVICE_FAMILY = "1,2";
				TEST_HOST = "$(BUILT_PRODUCTS_DIR)/demo.app/demo";
			};
			name = Release;
		};
		4BC5817A2224FFB4007D8DC4 /* Debug */ = {
			isa = XCBuildConfiguration;
			buildSettings = {
				ALWAYS_EMBED_SWIFT_STANDARD_LIBRARIES = YES;
				CODE_SIGN_STYLE = Automatic;
				DEVELOPMENT_TEAM = 3F685LX6UR;
				INFOPLIST_FILE = demoUITests/Info.plist;
				LD_RUNPATH_SEARCH_PATHS = (
					"$(inherited)",
					"@executable_path/Frameworks",
					"@loader_path/Frameworks",
				);
				PRODUCT_BUNDLE_IDENTIFIER = com.appstore.demoUITests;
				PRODUCT_NAME = "$(TARGET_NAME)";
				SWIFT_VERSION = 4.2;
				TARGETED_DEVICE_FAMILY = "1,2";
				TEST_TARGET_NAME = demo;
			};
			name = Debug;
		};
		4BC5817B2224FFB4007D8DC4 /* Release */ = {
			isa = XCBuildConfiguration;
			buildSettings = {
				ALWAYS_EMBED_SWIFT_STANDARD_LIBRARIES = YES;
				CODE_SIGN_STYLE = Automatic;
				DEVELOPMENT_TEAM = 3F685LX6UR;
				INFOPLIST_FILE = demoUITests/Info.plist;
				LD_RUNPATH_SEARCH_PATHS = (
					"$(inherited)",
					"@executable_path/Frameworks",
					"@loader_path/Frameworks",
				);
				PRODUCT_BUNDLE_IDENTIFIER = com.appstore.demoUITests;
				PRODUCT_NAME = "$(TARGET_NAME)";
				SWIFT_VERSION = 4.2;
				TARGETED_DEVICE_FAMILY = "1,2";
				TEST_TARGET_NAME = demo;
			};
			name = Release;
		};
/* End XCBuildConfiguration section */

/* Begin XCConfigurationList section */
		4BC581462224FFB2007D8DC4 /* Build configuration list for PBXProject "demo" */ = {
			isa = XCConfigurationList;
			buildConfigurations = (
				4BC581712224FFB4007D8DC4 /* Debug */,
				4BC581722224FFB4007D8DC4 /* Release */,
			);
			defaultConfigurationIsVisible = 0;
			defaultConfigurationName = Release;
		};
		4BC581732224FFB4007D8DC4 /* Build configuration list for PBXNativeTarget "demo" */ = {
			isa = XCConfigurationList;
			buildConfigurations = (
				4BC581742224FFB4007D8DC4 /* Debug */,
				4BC581752224FFB4007D8DC4 /* Release */,
			);
			defaultConfigurationIsVisible = 0;
			defaultConfigurationName = Release;
		};
		4BC581762224FFB4007D8DC4 /* Build configuration list for PBXNativeTarget "demoTests" */ = {
			isa = XCConfigurationList;
			buildConfigurations = (
				4BC581772224FFB4007D8DC4 /* Debug */,
				4BC581782224FFB4007D8DC4 /* Release */,
			);
			defaultConfigurationIsVisible = 0;
			defaultConfigurationName = Release;
		};
		4BC581792224FFB4007D8DC4 /* Build configuration list for PBXNativeTarget "demoUITests" */ = {
			isa = XCConfigurationList;
			buildConfigurations = (
				4BC5817A2224FFB4007D8DC4 /* Debug */,
				4BC5817B2224FFB4007D8DC4 /* Release */,
			);
			defaultConfigurationIsVisible = 0;
			defaultConfigurationName = Release;
		};
/* End XCConfigurationList section */
	};
	rootObject = 4BC581432224FFB2007D8DC4 /* Project object */;
}
